// !$*UTF8*$!
{
	archiveVersion = 1;
	classes = {
	};
	objectVersion = 56;
	objects = {

/* Begin PBXBuildFile section */
		D7F210EC2BA98B8E00A54EA6 /* AppDelegate.swift in Sources */ = {isa = PBXBuildFile; fileRef = D7F210EB2BA98B8E00A54EA6 /* AppDelegate.swift */; };
		D7F210EE2BA98B8E00A54EA6 /* SceneDelegate.swift in Sources */ = {isa = PBXBuildFile; fileRef = D7F210ED2BA98B8E00A54EA6 /* SceneDelegate.swift */; };
		D7F210F02BA98B8E00A54EA6 /* ViewController.swift in Sources */ = {isa = PBXBuildFile; fileRef = D7F210EF2BA98B8E00A54EA6 /* ViewController.swift */; };
		D7F210F52BA98B9000A54EA6 /* Assets.xcassets in Resources */ = {isa = PBXBuildFile; fileRef = D7F210F42BA98B9000A54EA6 /* Assets.xcassets */; };
		D7F210F82BA98B9000A54EA6 /* LaunchScreen.storyboard in Resources */ = {isa = PBXBuildFile; fileRef = D7F210F62BA98B9000A54EA6 /* LaunchScreen.storyboard */; };
		D7F211042BAC877C00A54EA6 /* SnapKit in Frameworks */ = {isa = PBXBuildFile; productRef = D7F211032BAC877C00A54EA6 /* SnapKit */; };
		D7F211062BAC877C00A54EA6 /* SnapKit-Dynamic in Frameworks */ = {isa = PBXBuildFile; productRef = D7F211052BAC877C00A54EA6 /* SnapKit-Dynamic */; };
		D7F211082BAC8A1600A54EA6 /* FlowLayoutCell.swift in Sources */ = {isa = PBXBuildFile; fileRef = D7F211072BAC8A1600A54EA6 /* FlowLayoutCell.swift */; };
		D7F2110A2BAC97E500A54EA6 /* Cell.swift in Sources */ = {isa = PBXBuildFile; fileRef = D7F211092BAC97E500A54EA6 /* Cell.swift */; };
		D7F2110C2BAE75F700A54EA6 /* Model.swift in Sources */ = {isa = PBXBuildFile; fileRef = D7F2110B2BAE75F700A54EA6 /* Model.swift */; };
		D7F2110F2BAE7C1500A54EA6 /* BookViewController.swift in Sources */ = {isa = PBXBuildFile; fileRef = D7F2110E2BAE7C1500A54EA6 /* BookViewController.swift */; };
		D7F211122BB0248200A54EA6 /* CompositionalCell.swift in Sources */ = {isa = PBXBuildFile; fileRef = D7F211112BB0248200A54EA6 /* CompositionalCell.swift */; };
		D7F211142BB0249000A54EA6 /* CompositionalView.swift in Sources */ = {isa = PBXBuildFile; fileRef = D7F211132BB0249000A54EA6 /* CompositionalView.swift */; };
/* End PBXBuildFile section */

/* Begin PBXFileReference section */
		D7F210E82BA98B8E00A54EA6 /* UICollection.app */ = {isa = PBXFileReference; explicitFileType = wrapper.application; includeInIndex = 0; path = UICollection.app; sourceTree = BUILT_PRODUCTS_DIR; };
		D7F210EB2BA98B8E00A54EA6 /* AppDelegate.swift */ = {isa = PBXFileReference; lastKnownFileType = sourcecode.swift; path = AppDelegate.swift; sourceTree = "<group>"; };
		D7F210ED2BA98B8E00A54EA6 /* SceneDelegate.swift */ = {isa = PBXFileReference; lastKnownFileType = sourcecode.swift; path = SceneDelegate.swift; sourceTree = "<group>"; };
		D7F210EF2BA98B8E00A54EA6 /* ViewController.swift */ = {isa = PBXFileReference; lastKnownFileType = sourcecode.swift; path = ViewController.swift; sourceTree = "<group>"; };
		D7F210F42BA98B9000A54EA6 /* Assets.xcassets */ = {isa = PBXFileReference; lastKnownFileType = folder.assetcatalog; path = Assets.xcassets; sourceTree = "<group>"; };
		D7F210F72BA98B9000A54EA6 /* Base */ = {isa = PBXFileReference; lastKnownFileType = file.storyboard; name = Base; path = Base.lproj/LaunchScreen.storyboard; sourceTree = "<group>"; };
		D7F210F92BA98B9000A54EA6 /* Info.plist */ = {isa = PBXFileReference; lastKnownFileType = text.plist.xml; path = Info.plist; sourceTree = "<group>"; };
		D7F211072BAC8A1600A54EA6 /* FlowLayoutCell.swift */ = {isa = PBXFileReference; lastKnownFileType = sourcecode.swift; path = FlowLayoutCell.swift; sourceTree = "<group>"; };
		D7F211092BAC97E500A54EA6 /* Cell.swift */ = {isa = PBXFileReference; lastKnownFileType = sourcecode.swift; path = Cell.swift; sourceTree = "<group>"; };
		D7F2110B2BAE75F700A54EA6 /* Model.swift */ = {isa = PBXFileReference; lastKnownFileType = sourcecode.swift; path = Model.swift; sourceTree = "<group>"; };
		D7F2110E2BAE7C1500A54EA6 /* BookViewController.swift */ = {isa = PBXFileReference; lastKnownFileType = sourcecode.swift; path = BookViewController.swift; sourceTree = "<group>"; };
		D7F211112BB0248200A54EA6 /* CompositionalCell.swift */ = {isa = PBXFileReference; lastKnownFileType = sourcecode.swift; path = CompositionalCell.swift; sourceTree = "<group>"; };
		D7F211132BB0249000A54EA6 /* CompositionalView.swift */ = {isa = PBXFileReference; lastKnownFileType = sourcecode.swift; path = CompositionalView.swift; sourceTree = "<group>"; };
/* End PBXFileReference section */

/* Begin PBXFrameworksBuildPhase section */
		D7F210E52BA98B8E00A54EA6 /* Frameworks */ = {
			isa = PBXFrameworksBuildPhase;
			buildActionMask = 2147483647;
			files = (
				D7F211042BAC877C00A54EA6 /* SnapKit in Frameworks */,
				D7F211062BAC877C00A54EA6 /* SnapKit-Dynamic in Frameworks */,
			);
			runOnlyForDeploymentPostprocessing = 0;
		};
/* End PBXFrameworksBuildPhase section */

/* Begin PBXGroup section */
		D7F210DF2BA98B8E00A54EA6 = {
			isa = PBXGroup;
			children = (
				D7F210EA2BA98B8E00A54EA6 /* UICollection */,
				D7F210E92BA98B8E00A54EA6 /* Products */,
			);
			sourceTree = "<group>";
		};
		D7F210E92BA98B8E00A54EA6 /* Products */ = {
			isa = PBXGroup;
			children = (
				D7F210E82BA98B8E00A54EA6 /* UICollection.app */,
			);
			name = Products;
			sourceTree = "<group>";
		};
		D7F210EA2BA98B8E00A54EA6 /* UICollection */ = {
			isa = PBXGroup;
			children = (
				D7F210FF2BAC857400A54EA6 /* App */,
				D7F211002BAC857E00A54EA6 /* Sources */,
				D7F211012BAC858D00A54EA6 /* Resources */,
			);
			path = UICollection;
			sourceTree = "<group>";
		};
		D7F210FF2BAC857400A54EA6 /* App */ = {
			isa = PBXGroup;
			children = (
				D7F210EB2BA98B8E00A54EA6 /* AppDelegate.swift */,
				D7F210ED2BA98B8E00A54EA6 /* SceneDelegate.swift */,
			);
			path = App;
			sourceTree = "<group>";
		};
		D7F211002BAC857E00A54EA6 /* Sources */ = {
			isa = PBXGroup;
			children = (
				D7F211102BB0244500A54EA6 /* CompositionalLayout */,
				D7F210EF2BA98B8E00A54EA6 /* ViewController.swift */,
				D7F211072BAC8A1600A54EA6 /* FlowLayoutCell.swift */,
				D7F2110D2BAE7BF200A54EA6 /* Books */,
			);
			path = Sources;
			sourceTree = "<group>";
		};
		D7F211012BAC858D00A54EA6 /* Resources */ = {
			isa = PBXGroup;
			children = (
				D7F210F42BA98B9000A54EA6 /* Assets.xcassets */,
				D7F210F62BA98B9000A54EA6 /* LaunchScreen.storyboard */,
				D7F210F92BA98B9000A54EA6 /* Info.plist */,
			);
			path = Resources;
			sourceTree = "<group>";
		};
		D7F2110D2BAE7BF200A54EA6 /* Books */ = {
			isa = PBXGroup;
			children = (
				D7F211092BAC97E500A54EA6 /* Cell.swift */,
				D7F2110B2BAE75F700A54EA6 /* Model.swift */,
				D7F2110E2BAE7C1500A54EA6 /* BookViewController.swift */,
			);
			path = Books;
			sourceTree = "<group>";
		};
		D7F211102BB0244500A54EA6 /* CompositionalLayout */ = {
			isa = PBXGroup;
			children = (
				D7F211112BB0248200A54EA6 /* CompositionalCell.swift */,
				D7F211132BB0249000A54EA6 /* CompositionalView.swift */,
			);
			path = CompositionalLayout;
			sourceTree = "<group>";
		};
/* End PBXGroup section */

/* Begin PBXNativeTarget section */
		D7F210E72BA98B8E00A54EA6 /* UICollection */ = {
			isa = PBXNativeTarget;
			buildConfigurationList = D7F210FC2BA98B9000A54EA6 /* Build configuration list for PBXNativeTarget "UICollection" */;
			buildPhases = (
				D7F210E42BA98B8E00A54EA6 /* Sources */,
				D7F210E52BA98B8E00A54EA6 /* Frameworks */,
				D7F210E62BA98B8E00A54EA6 /* Resources */,
			);
			buildRules = (
			);
			dependencies = (
			);
			name = UICollection;
			packageProductDependencies = (
				D7F211032BAC877C00A54EA6 /* SnapKit */,
				D7F211052BAC877C00A54EA6 /* SnapKit-Dynamic */,
			);
			productName = UICollection;
			productReference = D7F210E82BA98B8E00A54EA6 /* UICollection.app */;
			productType = "com.apple.product-type.application";
		};
/* End PBXNativeTarget section */

/* Begin PBXProject section */
		D7F210E02BA98B8E00A54EA6 /* Project object */ = {
			isa = PBXProject;
			attributes = {
				BuildIndependentTargetsInParallel = 1;
				LastSwiftUpdateCheck = 1520;
				LastUpgradeCheck = 1520;
				TargetAttributes = {
					D7F210E72BA98B8E00A54EA6 = {
						CreatedOnToolsVersion = 15.2;
					};
				};
			};
			buildConfigurationList = D7F210E32BA98B8E00A54EA6 /* Build configuration list for PBXProject "UICollection" */;
			compatibilityVersion = "Xcode 14.0";
			developmentRegion = en;
			hasScannedForEncodings = 0;
			knownRegions = (
				en,
				Base,
			);
			mainGroup = D7F210DF2BA98B8E00A54EA6;
			packageReferences = (
				D7F211022BAC877C00A54EA6 /* XCRemoteSwiftPackageReference "SnapKit" */,
			);
			productRefGroup = D7F210E92BA98B8E00A54EA6 /* Products */;
			projectDirPath = "";
			projectRoot = "";
			targets = (
				D7F210E72BA98B8E00A54EA6 /* UICollection */,
			);
		};
/* End PBXProject section */

/* Begin PBXResourcesBuildPhase section */
		D7F210E62BA98B8E00A54EA6 /* Resources */ = {
			isa = PBXResourcesBuildPhase;
			buildActionMask = 2147483647;
			files = (
				D7F210F82BA98B9000A54EA6 /* LaunchScreen.storyboard in Resources */,
				D7F210F52BA98B9000A54EA6 /* Assets.xcassets in Resources */,
			);
			runOnlyForDeploymentPostprocessing = 0;
		};
/* End PBXResourcesBuildPhase section */

/* Begin PBXSourcesBuildPhase section */
		D7F210E42BA98B8E00A54EA6 /* Sources */ = {
			isa = PBXSourcesBuildPhase;
			buildActionMask = 2147483647;
			files = (
				D7F211142BB0249000A54EA6 /* CompositionalView.swift in Sources */,
				D7F210F02BA98B8E00A54EA6 /* ViewController.swift in Sources */,
				D7F211082BAC8A1600A54EA6 /* FlowLayoutCell.swift in Sources */,
				D7F2110A2BAC97E500A54EA6 /* Cell.swift in Sources */,
				D7F211122BB0248200A54EA6 /* CompositionalCell.swift in Sources */,
				D7F2110F2BAE7C1500A54EA6 /* BookViewController.swift in Sources */,
				D7F2110C2BAE75F700A54EA6 /* Model.swift in Sources */,
				D7F210EC2BA98B8E00A54EA6 /* AppDelegate.swift in Sources */,
				D7F210EE2BA98B8E00A54EA6 /* SceneDelegate.swift in Sources */,
			);
			runOnlyForDeploymentPostprocessing = 0;
		};
/* End PBXSourcesBuildPhase section */

/* Begin PBXVariantGroup section */
		D7F210F62BA98B9000A54EA6 /* LaunchScreen.storyboard */ = {
			isa = PBXVariantGroup;
			children = (
				D7F210F72BA98B9000A54EA6 /* Base */,
			);
			name = LaunchScreen.storyboard;
			sourceTree = "<group>";
		};
/* End PBXVariantGroup section */

/* Begin XCBuildConfiguration section */
		D7F210FA2BA98B9000A54EA6 /* Debug */ = {
			isa = XCBuildConfiguration;
			buildSettings = {
				ALWAYS_SEARCH_USER_PATHS = NO;
				ASSETCATALOG_COMPILER_GENERATE_SWIFT_ASSET_SYMBOL_EXTENSIONS = YES;
				CLANG_ANALYZER_NONNULL = YES;
				CLANG_ANALYZER_NUMBER_OBJECT_CONVERSION = YES_AGGRESSIVE;
				CLANG_CXX_LANGUAGE_STANDARD = "gnu++20";
				CLANG_ENABLE_MODULES = YES;
				CLANG_ENABLE_OBJC_ARC = YES;
				CLANG_ENABLE_OBJC_WEAK = YES;
				CLANG_WARN_BLOCK_CAPTURE_AUTORELEASING = YES;
				CLANG_WARN_BOOL_CONVERSION = YES;
				CLANG_WARN_COMMA = YES;
				CLANG_WARN_CONSTANT_CONVERSION = YES;
				CLANG_WARN_DEPRECATED_OBJC_IMPLEMENTATIONS = YES;
				CLANG_WARN_DIRECT_OBJC_ISA_USAGE = YES_ERROR;
				CLANG_WARN_DOCUMENTATION_COMMENTS = YES;
				CLANG_WARN_EMPTY_BODY = YES;
				CLANG_WARN_ENUM_CONVERSION = YES;
				CLANG_WARN_INFINITE_RECURSION = YES;
				CLANG_WARN_INT_CONVERSION = YES;
				CLANG_WARN_NON_LITERAL_NULL_CONVERSION = YES;
				CLANG_WARN_OBJC_IMPLICIT_RETAIN_SELF = YES;
				CLANG_WARN_OBJC_LITERAL_CONVERSION = YES;
				CLANG_WARN_OBJC_ROOT_CLASS = YES_ERROR;
				CLANG_WARN_QUOTED_INCLUDE_IN_FRAMEWORK_HEADER = YES;
				CLANG_WARN_RANGE_LOOP_ANALYSIS = YES;
				CLANG_WARN_STRICT_PROTOTYPES = YES;
				CLANG_WARN_SUSPICIOUS_MOVE = YES;
				CLANG_WARN_UNGUARDED_AVAILABILITY = YES_AGGRESSIVE;
				CLANG_WARN_UNREACHABLE_CODE = YES;
				CLANG_WARN__DUPLICATE_METHOD_MATCH = YES;
				COPY_PHASE_STRIP = NO;
				DEBUG_INFORMATION_FORMAT = dwarf;
				ENABLE_STRICT_OBJC_MSGSEND = YES;
				ENABLE_TESTABILITY = YES;
				ENABLE_USER_SCRIPT_SANDBOXING = YES;
				GCC_C_LANGUAGE_STANDARD = gnu17;
				GCC_DYNAMIC_NO_PIC = NO;
				GCC_NO_COMMON_BLOCKS = YES;
				GCC_OPTIMIZATION_LEVEL = 0;
				GCC_PREPROCESSOR_DEFINITIONS = (
					"DEBUG=1",
					"$(inherited)",
				);
				GCC_WARN_64_TO_32_BIT_CONVERSION = YES;
				GCC_WARN_ABOUT_RETURN_TYPE = YES_ERROR;
				GCC_WARN_UNDECLARED_SELECTOR = YES;
				GCC_WARN_UNINITIALIZED_AUTOS = YES_AGGRESSIVE;
				GCC_WARN_UNUSED_FUNCTION = YES;
				GCC_WARN_UNUSED_VARIABLE = YES;
				IPHONEOS_DEPLOYMENT_TARGET = 17.2;
				LOCALIZATION_PREFERS_STRING_CATALOGS = YES;
				MTL_ENABLE_DEBUG_INFO = INCLUDE_SOURCE;
				MTL_FAST_MATH = YES;
				ONLY_ACTIVE_ARCH = YES;
				SDKROOT = iphoneos;
				SWIFT_ACTIVE_COMPILATION_CONDITIONS = "DEBUG $(inherited)";
				SWIFT_OPTIMIZATION_LEVEL = "-Onone";
			};
			name = Debug;
		};
		D7F210FB2BA98B9000A54EA6 /* Release */ = {
			isa = XCBuildConfiguration;
			buildSettings = {
				ALWAYS_SEARCH_USER_PATHS = NO;
				ASSETCATALOG_COMPILER_GENERATE_SWIFT_ASSET_SYMBOL_EXTENSIONS = YES;
				CLANG_ANALYZER_NONNULL = YES;
				CLANG_ANALYZER_NUMBER_OBJECT_CONVERSION = YES_AGGRESSIVE;
				CLANG_CXX_LANGUAGE_STANDARD = "gnu++20";
				CLANG_ENABLE_MODULES = YES;
				CLANG_ENABLE_OBJC_ARC = YES;
				CLANG_ENABLE_OBJC_WEAK = YES;
				CLANG_WARN_BLOCK_CAPTURE_AUTORELEASING = YES;
				CLANG_WARN_BOOL_CONVERSION = YES;
				CLANG_WARN_COMMA = YES;
				CLANG_WARN_CONSTANT_CONVERSION = YES;
				CLANG_WARN_DEPRECATED_OBJC_IMPLEMENTATIONS = YES;
				CLANG_WARN_DIRECT_OBJC_ISA_USAGE = YES_ERROR;
				CLANG_WARN_DOCUMENTATION_COMMENTS = YES;
				CLANG_WARN_EMPTY_BODY = YES;
				CLANG_WARN_ENUM_CONVERSION = YES;
				CLANG_WARN_INFINITE_RECURSION = YES;
				CLANG_WARN_INT_CONVERSION = YES;
				CLANG_WARN_NON_LITERAL_NULL_CONVERSION = YES;
				CLANG_WARN_OBJC_IMPLICIT_RETAIN_SELF = YES;
				CLANG_WARN_OBJC_LITERAL_CONVERSION = YES;
				CLANG_WARN_OBJC_ROOT_CLASS = YES_ERROR;
				CLANG_WARN_QUOTED_INCLUDE_IN_FRAMEWORK_HEADER = YES;
				CLANG_WARN_RANGE_LOOP_ANALYSIS = YES;
				CLANG_WARN_STRICT_PROTOTYPES = YES;
				CLANG_WARN_SUSPICIOUS_MOVE = YES;
				CLANG_WARN_UNGUARDED_AVAILABILITY = YES_AGGRESSIVE;
				CLANG_WARN_UNREACHABLE_CODE = YES;
				CLANG_WARN__DUPLICATE_METHOD_MATCH = YES;
				COPY_PHASE_STRIP = NO;
				DEBUG_INFORMATION_FORMAT = "dwarf-with-dsym";
				ENABLE_NS_ASSERTIONS = NO;
				ENABLE_STRICT_OBJC_MSGSEND = YES;
				ENABLE_USER_SCRIPT_SANDBOXING = YES;
				GCC_C_LANGUAGE_STANDARD = gnu17;
				GCC_NO_COMMON_BLOCKS = YES;
				GCC_WARN_64_TO_32_BIT_CONVERSION = YES;
				GCC_WARN_ABOUT_RETURN_TYPE = YES_ERROR;
				GCC_WARN_UNDECLARED_SELECTOR = YES;
				GCC_WARN_UNINITIALIZED_AUTOS = YES_AGGRESSIVE;
				GCC_WARN_UNUSED_FUNCTION = YES;
				GCC_WARN_UNUSED_VARIABLE = YES;
				IPHONEOS_DEPLOYMENT_TARGET = 17.2;
				LOCALIZATION_PREFERS_STRING_CATALOGS = YES;
				MTL_ENABLE_DEBUG_INFO = NO;
				MTL_FAST_MATH = YES;
				SDKROOT = iphoneos;
				SWIFT_COMPILATION_MODE = wholemodule;
				VALIDATE_PRODUCT = YES;
			};
			name = Release;
		};
		D7F210FD2BA98B9000A54EA6 /* Debug */ = {
			isa = XCBuildConfiguration;
			buildSettings = {
				ASSETCATALOG_COMPILER_APPICON_NAME = AppIcon;
				ASSETCATALOG_COMPILER_GLOBAL_ACCENT_COLOR_NAME = AccentColor;
				CODE_SIGN_STYLE = Automatic;
				CURRENT_PROJECT_VERSION = 1;
				DEVELOPMENT_TEAM = HDQUFL254V;
				GENERATE_INFOPLIST_FILE = YES;
				INFOPLIST_FILE = UICollection/Resources/Info.plist;
				INFOPLIST_KEY_UIApplicationSupportsIndirectInputEvents = YES;
				INFOPLIST_KEY_UILaunchStoryboardName = LaunchScreen;
				INFOPLIST_KEY_UISupportedInterfaceOrientations_iPad = "UIInterfaceOrientationPortrait UIInterfaceOrientationPortraitUpsideDown UIInterfaceOrientationLandscapeLeft UIInterfaceOrientationLandscapeRight";
				INFOPLIST_KEY_UISupportedInterfaceOrientations_iPhone = "UIInterfaceOrientationPortrait UIInterfaceOrientationLandscapeLeft UIInterfaceOrientationLandscapeRight";
				LD_RUNPATH_SEARCH_PATHS = (
					"$(inherited)",
					"@executable_path/Frameworks",
				);
				MARKETING_VERSION = 1.0;
				PRODUCT_BUNDLE_IDENTIFIER = com.my.UICollection;
				PRODUCT_NAME = "$(TARGET_NAME)";
				SWIFT_EMIT_LOC_STRINGS = YES;
				SWIFT_VERSION = 5.0;
				TARGETED_DEVICE_FAMILY = "1,2";
			};
			name = Debug;
		};
		D7F210FE2BA98B9000A54EA6 /* Release */ = {
			isa = XCBuildConfiguration;
			buildSettings = {
				ASSETCATALOG_COMPILER_APPICON_NAME = AppIcon;
				ASSETCATALOG_COMPILER_GLOBAL_ACCENT_COLOR_NAME = AccentColor;
				CODE_SIGN_STYLE = Automatic;
				CURRENT_PROJECT_VERSION = 1;
				DEVELOPMENT_TEAM = HDQUFL254V;
				GENERATE_INFOPLIST_FILE = YES;
				INFOPLIST_FILE = UICollection/Resources/Info.plist;
				INFOPLIST_KEY_UIApplicationSupportsIndirectInputEvents = YES;
				INFOPLIST_KEY_UILaunchStoryboardName = LaunchScreen;
				INFOPLIST_KEY_UISupportedInterfaceOrientations_iPad = "UIInterfaceOrientationPortrait UIInterfaceOrientationPortraitUpsideDown UIInterfaceOrientationLandscapeLeft UIInterfaceOrientationLandscapeRight";
				INFOPLIST_KEY_UISupportedInterfaceOrientations_iPhone = "UIInterfaceOrientationPortrait UIInterfaceOrientationLandscapeLeft UIInterfaceOrientationLandscapeRight";
				LD_RUNPATH_SEARCH_PATHS = (
					"$(inherited)",
					"@executable_path/Frameworks",
				);
				MARKETING_VERSION = 1.0;
				PRODUCT_BUNDLE_IDENTIFIER = com.my.UICollection;
				PRODUCT_NAME = "$(TARGET_NAME)";
				SWIFT_EMIT_LOC_STRINGS = YES;
				SWIFT_VERSION = 5.0;
				TARGETED_DEVICE_FAMILY = "1,2";
			};
			name = Release;
		};
/* End XCBuildConfiguration section */

/* Begin XCConfigurationList section */
		D7F210E32BA98B8E00A54EA6 /* Build configuration list for PBXProject "UICollection" */ = {
			isa = XCConfigurationList;
			buildConfigurations = (
				D7F210FA2BA98B9000A54EA6 /* Debug */,
				D7F210FB2BA98B9000A54EA6 /* Release */,
			);
			defaultConfigurationIsVisible = 0;
			defaultConfigurationName = Release;
		};
		D7F210FC2BA98B9000A54EA6 /* Build configuration list for PBXNativeTarget "UICollection" */ = {
			isa = XCConfigurationList;
			buildConfigurations = (
				D7F210FD2BA98B9000A54EA6 /* Debug */,
				D7F210FE2BA98B9000A54EA6 /* Release */,
			);
			defaultConfigurationIsVisible = 0;
			defaultConfigurationName = Release;
		};
/* End XCConfigurationList section */

/* Begin XCRemoteSwiftPackageReference section */
		D7F211022BAC877C00A54EA6 /* XCRemoteSwiftPackageReference "SnapKit" */ = {
			isa = XCRemoteSwiftPackageReference;
			repositoryURL = "https://github.com/SnapKit/SnapKit.git";
			requirement = {
				kind = upToNextMajorVersion;
				minimumVersion = 5.7.1;
			};
		};
/* End XCRemoteSwiftPackageReference section */

/* Begin XCSwiftPackageProductDependency section */
		D7F211032BAC877C00A54EA6 /* SnapKit */ = {
			isa = XCSwiftPackageProductDependency;
			package = D7F211022BAC877C00A54EA6 /* XCRemoteSwiftPackageReference "SnapKit" */;
			productName = SnapKit;
		};
		D7F211052BAC877C00A54EA6 /* SnapKit-Dynamic */ = {
			isa = XCSwiftPackageProductDependency;
			package = D7F211022BAC877C00A54EA6 /* XCRemoteSwiftPackageReference "SnapKit" */;
			productName = "SnapKit-Dynamic";
		};
/* End XCSwiftPackageProductDependency section */
	};
	rootObject = D7F210E02BA98B8E00A54EA6 /* Project object */;
}
